<?xml version="1.0" encoding="utf-8"?>
<Project ToolsVersion="4.0" xmlns="http://schemas.microsoft.com/developer/msbuild/2003">
  <ItemGroup>
    <Filter Include="win32">
      <UniqueIdentifier>{84a8ebd7-7cf0-47f6-b75e-d441df67da40}</UniqueIdentifier>
    </Filter>
    <Filter Include="resource">
      <UniqueIdentifier>{715254bc-d70b-4ec5-bf29-467dd3ace079}</UniqueIdentifier>
    </Filter>
    <Filter Include="src">
      <UniqueIdentifier>{bb6c862e-70e9-49d9-81b7-3829a6f50471}</UniqueIdentifier>
    </Filter>
    <Filter Include="Game">
      <UniqueIdentifier>{3264bb94-c9da-4e3d-bce1-8484145a8e42}</UniqueIdentifier>
    </Filter>
    <Filter Include="gayola">
      <UniqueIdentifier>{fb25a93d-f907-47d1-ac3e-1d27c28b51c6}</UniqueIdentifier>
    </Filter>
  </ItemGroup>
  <ItemGroup>
    <ClCompile Include="main.cpp">
      <Filter>win32</Filter>
    </ClCompile>
    <ClCompile Include="..\Classes\AppDelegate.cpp">
      <Filter>src</Filter>
    </ClCompile>
    <ClCompile Include="..\Classes\HelloWorldScene.cpp">
      <Filter>src</Filter>
    </ClCompile>
    <ClCompile Include="..\Game\XActor.cpp">
      <Filter>Game</Filter>
    </ClCompile>
    <ClCompile Include="..\Game\XObject.cpp">
      <Filter>Game</Filter>
    </ClCompile>
    <ClCompile Include="..\Game\XPlayer.cpp">
      <Filter>Game</Filter>
    </ClCompile>
    <ClCompile Include="..\Game\XScene.cpp">
      <Filter>Game</Filter>
    </ClCompile>
    <ClCompile Include="..\gayola\CxThreadEx.cpp">
      <Filter>gayola</Filter>
    </ClCompile>
    <ClCompile Include="..\gayola\CxHttpClient.cpp">
      <Filter>gayola</Filter>
    </ClCompile>
    <ClCompile Include="..\gayola\CCTcpClient.cpp">
      <Filter>gayola</Filter>
    </ClCompile>
    <ClCompile Include="..\Classes\MyTcpClient.cpp">
      <Filter>src</Filter>
    </ClCompile>
    <ClCompile Include="..\gayola\CxTcpClient.cpp">
      <Filter>gayola</Filter>
    </ClCompile>
    <ClCompile Include="..\Classes\LogoScene.cpp">
      <Filter>src</Filter>
    </ClCompile>
  </ItemGroup>
  <ItemGroup>
    <ClInclude Include="main.h">
      <Filter>win32</Filter>
    </ClInclude>
    <ClInclude Include="..\Classes\AppDelegate.h">
      <Filter>src</Filter>
    </ClInclude>
    <ClInclude Include="..\Classes\HelloWorldScene.h">
      <Filter>src</Filter>
    </ClInclude>
    <ClInclude Include="..\Game\XActor.h">
      <Filter>Game</Filter>
    </ClInclude>
    <ClInclude Include="..\Game\XObject.h">
      <Filter>Game</Filter>
    </ClInclude>
    <ClInclude Include="..\Game\XPlayer.h">
      <Filter>Game</Filter>
    </ClInclude>
    <ClInclude Include="..\Game\XScene.h">
      <Filter>Game</Filter>
    </ClInclude>
    <ClInclude Include="..\Game\XGame.h">
      <Filter>Game</Filter>
    </ClInclude>
    <ClInclude Include="..\gayola\CxThreadEx.h">
      <Filter>gayola</Filter>
    </ClInclude>
    <ClInclude Include="..\gayola\CxHttpClient.h">
      <Filter>gayola</Filter>
    </ClInclude>
    <ClInclude Include="..\gayola\CCTcpClient.h">
      <Filter>gayola</Filter>
    </ClInclude>
    <ClInclude Include="..\Classes\MyTcpClient.h">
      <Filter>src</Filter>
    </ClInclude>
    <ClInclude Include="..\gayola\CxTcpClient.h">
      <Filter>gayola</Filter>
    </ClInclude>
    <ClInclude Include="..\Classes\LogoScene.h">
      <Filter>src</Filter>
    </ClInclude>
  </ItemGroup>
  <ItemGroup>
    <ResourceCompile Include="game.rc">
      <Filter>resource</Filter>
    </ResourceCompile>
  </ItemGroup>
</Project>